
Microsoft Visual Studio Solution File, Format Version 12.00
# Visual Studio 15
VisualStudioVersion = 15.0.28307.902
MinimumVisualStudioVersion = 10.0.40219.1
Project("{2150E333-8FDC-42A3-9474-1A3956D46DE8}") = "SunumKatmani", "SunumKatmani", "{75E9A3A5-37A2-48C4-A5F3-00A6951AAE09}"
EndProject
Project("{2150E333-8FDC-42A3-9474-1A3956D46DE8}") = "VeriKatmani", "VeriKatmani", "{FDAC19BE-F766-4E3F-A21B-F457060884C1}"
EndProject
Project("{FAE04EC0-301F-11D3-BF4B-00C04F79EFBC}") = "Okul.Varliklar", "Okul.Varliklar\Okul.Varliklar.csproj", "{87CC4ADC-AE13-4C77-860A-7ED3FCBE8533}"
EndProject
Project("{FAE04EC0-301F-11D3-BF4B-00C04F79EFBC}") = "Okul.VarlikIslemleri", "Okul.VarlikIslemleri\Okul.VarlikIslemleri.csproj", "{7D685456-0050-463C-827B-B07012F27973}"
EndProject
Project("{FAE04EC0-301F-11D3-BF4B-00C04F79EFBC}") = "Okul.Arayuz", "Okul.Arayuz\Okul.Arayuz.csproj", "{4CA15928-B17A-4C96-AF82-DD80DB9846BE}"
EndProject
Global
	GlobalSection(SolutionConfigurationPlatforms) = preSolution
		Debug|Any CPU = Debug|Any CPU
		Release|Any CPU = Release|Any CPU
	EndGlobalSection
	GlobalSection(ProjectConfigurationPlatforms) = postSolution
		{87CC4ADC-AE13-4C77-860A-7ED3FCBE8533}.Debug|Any CPU.ActiveCfg = Debug|Any CPU
		{87CC4ADC-AE13-4C77-860A-7ED3FCBE8533}.Debug|Any CPU.Build.0 = Debug|Any CPU
		{87CC4ADC-AE13-4C77-860A-7ED3FCBE8533}.Release|Any CPU.ActiveCfg = Release|Any CPU
		{87CC4ADC-AE13-4C77-860A-7ED3FCBE8533}.Release|Any CPU.Build.0 = Release|Any CPU
		{7D685456-0050-463C-827B-B07012F27973}.Debug|Any CPU.ActiveCfg = Debug|Any CPU
		{7D685456-0050-463C-827B-B07012F27973}.Debug|Any CPU.Build.0 = Debug|Any CPU
		{7D685456-0050-463C-827B-B07012F27973}.Release|Any CPU.ActiveCfg = Release|Any CPU
		{7D685456-0050-463C-827B-B07012F27973}.Release|Any CPU.Build.0 = Release|Any CPU
		{4CA15928-B17A-4C96-AF82-DD80DB9846BE}.Debug|Any CPU.ActiveCfg = Debug|Any CPU
		{4CA15928-B17A-4C96-AF82-DD80DB9846BE}.Debug|Any CPU.Build.0 = Debug|Any CPU
		{4CA15928-B17A-4C96-AF82-DD80DB9846BE}.Release|Any CPU.ActiveCfg = Release|Any CPU
		{4CA15928-B17A-4C96-AF82-DD80DB9846BE}.Release|Any CPU.Build.0 = Release|Any CPU
	EndGlobalSection
	GlobalSection(SolutionProperties) = preSolution
		HideSolutionNode = FALSE
	EndGlobalSection
	GlobalSection(NestedProjects) = preSolution
		{87CC4ADC-AE13-4C77-860A-7ED3FCBE8533} = {FDAC19BE-F766-4E3F-A21B-F457060884C1}
		{7D685456-0050-463C-827B-B07012F27973} = {FDAC19BE-F766-4E3F-A21B-F457060884C1}
		{4CA15928-B17A-4C96-AF82-DD80DB9846BE} = {75E9A3A5-37A2-48C4-A5F3-00A6951AAE09}
	EndGlobalSection
	GlobalSection(ExtensibilityGlobals) = postSolution
		SolutionGuid = {25114DBA-10C5-42D1-9090-16FA188BEC5F}
	EndGlobalSection
EndGlobal
